// !$*UTF8*$!
{
	archiveVersion = 1;
	classes = {
	};
	objectVersion = 46;
	objects = {

/* Begin PBXBuildFile section */
		5683794F1C0CEE2400036CBE /* RatingControl.swift in Sources */ = {isa = PBXBuildFile; fileRef = 5683794E1C0CEE2400036CBE /* RatingControl.swift */; };
		568379581C0CFC2B00036CBE /* Bolts.framework in Frameworks */ = {isa = PBXBuildFile; fileRef = 568379511C0CFC2B00036CBE /* Bolts.framework */; };
		568379591C0CFC2B00036CBE /* Parse.framework in Frameworks */ = {isa = PBXBuildFile; fileRef = 568379521C0CFC2B00036CBE /* Parse.framework */; };
		5683795A1C0CFC2B00036CBE /* ParseCrashReporting.framework in Frameworks */ = {isa = PBXBuildFile; fileRef = 568379531C0CFC2B00036CBE /* ParseCrashReporting.framework */; };
		5683795B1C0CFC2B00036CBE /* ParseFacebookUtils.framework in Frameworks */ = {isa = PBXBuildFile; fileRef = 568379541C0CFC2B00036CBE /* ParseFacebookUtils.framework */; };
		5683795C1C0CFC2B00036CBE /* ParseFacebookUtilsV4.framework in Frameworks */ = {isa = PBXBuildFile; fileRef = 568379551C0CFC2B00036CBE /* ParseFacebookUtilsV4.framework */; };
		5683795D1C0CFC2B00036CBE /* ParseTwitterUtils.framework in Frameworks */ = {isa = PBXBuildFile; fileRef = 568379561C0CFC2B00036CBE /* ParseTwitterUtils.framework */; };
		5683795E1C0CFC2B00036CBE /* ParseUI.framework in Frameworks */ = {isa = PBXBuildFile; fileRef = 568379571C0CFC2B00036CBE /* ParseUI.framework */; };
		B32AADF01C02842200B9CE81 /* AppDelegate.swift in Sources */ = {isa = PBXBuildFile; fileRef = B32AADEF1C02842200B9CE81 /* AppDelegate.swift */; };
		B32AADF51C02842200B9CE81 /* Main.storyboard in Resources */ = {isa = PBXBuildFile; fileRef = B32AADF31C02842200B9CE81 /* Main.storyboard */; };
		B32AADF71C02842200B9CE81 /* Assets.xcassets in Resources */ = {isa = PBXBuildFile; fileRef = B32AADF61C02842200B9CE81 /* Assets.xcassets */; };
		B32AAE051C02842300B9CE81 /* prinscape3_1Tests.swift in Sources */ = {isa = PBXBuildFile; fileRef = B32AAE041C02842300B9CE81 /* prinscape3_1Tests.swift */; };
		B32AAE101C02842300B9CE81 /* prinscape3_1UITests.swift in Sources */ = {isa = PBXBuildFile; fileRef = B32AAE0F1C02842300B9CE81 /* prinscape3_1UITests.swift */; };
		B32AAE281C02847F00B9CE81 /* AudioToolbox.framework in Frameworks */ = {isa = PBXBuildFile; fileRef = B32AAE1D1C02847F00B9CE81 /* AudioToolbox.framework */; };
		B32AAE291C02847F00B9CE81 /* CFNetwork.framework in Frameworks */ = {isa = PBXBuildFile; fileRef = B32AAE1E1C02847F00B9CE81 /* CFNetwork.framework */; };
		B32AAE2A1C02847F00B9CE81 /* CoreGraphics.framework in Frameworks */ = {isa = PBXBuildFile; fileRef = B32AAE1F1C02847F00B9CE81 /* CoreGraphics.framework */; };
		B32AAE2B1C02847F00B9CE81 /* CoreLocation.framework in Frameworks */ = {isa = PBXBuildFile; fileRef = B32AAE201C02847F00B9CE81 /* CoreLocation.framework */; };
		B32AAE2C1C02847F00B9CE81 /* libsqlite3.tbd in Frameworks */ = {isa = PBXBuildFile; fileRef = B32AAE211C02847F00B9CE81 /* libsqlite3.tbd */; };
		B32AAE2D1C02847F00B9CE81 /* libz.tbd in Frameworks */ = {isa = PBXBuildFile; fileRef = B32AAE221C02847F00B9CE81 /* libz.tbd */; };
		B32AAE2E1C02847F00B9CE81 /* MobileCoreServices.framework in Frameworks */ = {isa = PBXBuildFile; fileRef = B32AAE231C02847F00B9CE81 /* MobileCoreServices.framework */; };
		B32AAE2F1C02847F00B9CE81 /* QuartzCore.framework in Frameworks */ = {isa = PBXBuildFile; fileRef = B32AAE241C02847F00B9CE81 /* QuartzCore.framework */; };
		B32AAE301C02847F00B9CE81 /* Security.framework in Frameworks */ = {isa = PBXBuildFile; fileRef = B32AAE251C02847F00B9CE81 /* Security.framework */; };
		B32AAE311C02847F00B9CE81 /* StoreKit.framework in Frameworks */ = {isa = PBXBuildFile; fileRef = B32AAE261C02847F00B9CE81 /* StoreKit.framework */; };
		B32AAE321C02847F00B9CE81 /* SystemConfiguration.framework in Frameworks */ = {isa = PBXBuildFile; fileRef = B32AAE271C02847F00B9CE81 /* SystemConfiguration.framework */; };
		B32AAE411C02882800B9CE81 /* FoodTableViewController.swift in Sources */ = {isa = PBXBuildFile; fileRef = B32AAE401C02882800B9CE81 /* FoodTableViewController.swift */; };
		B32AAE4F1C03059F00B9CE81 /* ShoppingTableViewController.swift in Sources */ = {isa = PBXBuildFile; fileRef = B32AAE4E1C03059F00B9CE81 /* ShoppingTableViewController.swift */; };
		B32AAE511C03065200B9CE81 /* ActivitiesTableViewController.swift in Sources */ = {isa = PBXBuildFile; fileRef = B32AAE501C03065200B9CE81 /* ActivitiesTableViewController.swift */; };
		B32AAE551C030D2000B9CE81 /* DetailViewController.swift in Sources */ = {isa = PBXBuildFile; fileRef = B32AAE541C030D2000B9CE81 /* DetailViewController.swift */; };
		B3A90D631C0CFEAC00693FC4 /* Bolts.framework in Frameworks */ = {isa = PBXBuildFile; fileRef = B3A90D5D1C0CFEAC00693FC4 /* Bolts.framework */; };
		B3A90D641C0CFEAC00693FC4 /* Parse.framework in Frameworks */ = {isa = PBXBuildFile; fileRef = B3A90D5E1C0CFEAC00693FC4 /* Parse.framework */; };
		B3A90D651C0CFEAC00693FC4 /* ParseFacebookUtils.framework in Frameworks */ = {isa = PBXBuildFile; fileRef = B3A90D5F1C0CFEAC00693FC4 /* ParseFacebookUtils.framework */; };
		B3A90D661C0CFEAC00693FC4 /* ParseFacebookUtilsV4.framework in Frameworks */ = {isa = PBXBuildFile; fileRef = B3A90D601C0CFEAC00693FC4 /* ParseFacebookUtilsV4.framework */; };
		B3A90D671C0CFEAC00693FC4 /* ParseTwitterUtils.framework in Frameworks */ = {isa = PBXBuildFile; fileRef = B3A90D611C0CFEAC00693FC4 /* ParseTwitterUtils.framework */; };
		B3A90D681C0CFEAC00693FC4 /* ParseUI.framework in Frameworks */ = {isa = PBXBuildFile; fileRef = B3A90D621C0CFEAC00693FC4 /* ParseUI.framework */; };
/* End PBXBuildFile section */

/* Begin PBXContainerItemProxy section */
		B32AAE011C02842300B9CE81 /* PBXContainerItemProxy */ = {
			isa = PBXContainerItemProxy;
			containerPortal = B32AADE41C02842200B9CE81 /* Project object */;
			proxyType = 1;
			remoteGlobalIDString = B32AADEB1C02842200B9CE81;
			remoteInfo = prinscape3.1;
		};
		B32AAE0C1C02842300B9CE81 /* PBXContainerItemProxy */ = {
			isa = PBXContainerItemProxy;
			containerPortal = B32AADE41C02842200B9CE81 /* Project object */;
			proxyType = 1;
			remoteGlobalIDString = B32AADEB1C02842200B9CE81;
			remoteInfo = prinscape3.1;
		};
/* End PBXContainerItemProxy section */

/* Begin PBXFileReference section */
		5683794E1C0CEE2400036CBE /* RatingControl.swift */ = {isa = PBXFileReference; fileEncoding = 4; lastKnownFileType = sourcecode.swift; path = RatingControl.swift; sourceTree = "<group>"; };
		568379511C0CFC2B00036CBE /* Bolts.framework */ = {isa = PBXFileReference; lastKnownFileType = wrapper.framework; path = Bolts.framework; sourceTree = "<group>"; };
		568379521C0CFC2B00036CBE /* Parse.framework */ = {isa = PBXFileReference; lastKnownFileType = wrapper.framework; path = Parse.framework; sourceTree = "<group>"; };
		568379531C0CFC2B00036CBE /* ParseCrashReporting.framework */ = {isa = PBXFileReference; lastKnownFileType = wrapper.framework; path = ParseCrashReporting.framework; sourceTree = "<group>"; };
		568379541C0CFC2B00036CBE /* ParseFacebookUtils.framework */ = {isa = PBXFileReference; lastKnownFileType = wrapper.framework; path = ParseFacebookUtils.framework; sourceTree = "<group>"; };
		568379551C0CFC2B00036CBE /* ParseFacebookUtilsV4.framework */ = {isa = PBXFileReference; lastKnownFileType = wrapper.framework; path = ParseFacebookUtilsV4.framework; sourceTree = "<group>"; };
		568379561C0CFC2B00036CBE /* ParseTwitterUtils.framework */ = {isa = PBXFileReference; lastKnownFileType = wrapper.framework; path = ParseTwitterUtils.framework; sourceTree = "<group>"; };
		568379571C0CFC2B00036CBE /* ParseUI.framework */ = {isa = PBXFileReference; lastKnownFileType = wrapper.framework; path = ParseUI.framework; sourceTree = "<group>"; };
		B32AADEC1C02842200B9CE81 /* prinscape3.1.app */ = {isa = PBXFileReference; explicitFileType = wrapper.application; includeInIndex = 0; path = prinscape3.1.app; sourceTree = BUILT_PRODUCTS_DIR; };
		B32AADEF1C02842200B9CE81 /* AppDelegate.swift */ = {isa = PBXFileReference; lastKnownFileType = sourcecode.swift; path = AppDelegate.swift; sourceTree = "<group>"; };
		B32AADF41C02842200B9CE81 /* Base */ = {isa = PBXFileReference; lastKnownFileType = file.storyboard; name = Base; path = Base.lproj/Main.storyboard; sourceTree = "<group>"; };
		B32AADF61C02842200B9CE81 /* Assets.xcassets */ = {isa = PBXFileReference; lastKnownFileType = folder.assetcatalog; path = Assets.xcassets; sourceTree = "<group>"; };
		B32AADFB1C02842200B9CE81 /* Info.plist */ = {isa = PBXFileReference; lastKnownFileType = text.plist.xml; path = Info.plist; sourceTree = "<group>"; };
		B32AAE001C02842300B9CE81 /* prinscape3.1Tests.xctest */ = {isa = PBXFileReference; explicitFileType = wrapper.cfbundle; includeInIndex = 0; path = prinscape3.1Tests.xctest; sourceTree = BUILT_PRODUCTS_DIR; };
		B32AAE041C02842300B9CE81 /* prinscape3_1Tests.swift */ = {isa = PBXFileReference; lastKnownFileType = sourcecode.swift; path = prinscape3_1Tests.swift; sourceTree = "<group>"; };
		B32AAE061C02842300B9CE81 /* Info.plist */ = {isa = PBXFileReference; lastKnownFileType = text.plist.xml; path = Info.plist; sourceTree = "<group>"; };
		B32AAE0B1C02842300B9CE81 /* prinscape3.1UITests.xctest */ = {isa = PBXFileReference; explicitFileType = wrapper.cfbundle; includeInIndex = 0; path = prinscape3.1UITests.xctest; sourceTree = BUILT_PRODUCTS_DIR; };
		B32AAE0F1C02842300B9CE81 /* prinscape3_1UITests.swift */ = {isa = PBXFileReference; lastKnownFileType = sourcecode.swift; path = prinscape3_1UITests.swift; sourceTree = "<group>"; };
		B32AAE111C02842300B9CE81 /* Info.plist */ = {isa = PBXFileReference; lastKnownFileType = text.plist.xml; path = Info.plist; sourceTree = "<group>"; };
		B32AAE1D1C02847F00B9CE81 /* AudioToolbox.framework */ = {isa = PBXFileReference; lastKnownFileType = wrapper.framework; name = AudioToolbox.framework; path = System/Library/Frameworks/AudioToolbox.framework; sourceTree = SDKROOT; };
		B32AAE1E1C02847F00B9CE81 /* CFNetwork.framework */ = {isa = PBXFileReference; lastKnownFileType = wrapper.framework; name = CFNetwork.framework; path = System/Library/Frameworks/CFNetwork.framework; sourceTree = SDKROOT; };
		B32AAE1F1C02847F00B9CE81 /* CoreGraphics.framework */ = {isa = PBXFileReference; lastKnownFileType = wrapper.framework; name = CoreGraphics.framework; path = System/Library/Frameworks/CoreGraphics.framework; sourceTree = SDKROOT; };
		B32AAE201C02847F00B9CE81 /* CoreLocation.framework */ = {isa = PBXFileReference; lastKnownFileType = wrapper.framework; name = CoreLocation.framework; path = System/Library/Frameworks/CoreLocation.framework; sourceTree = SDKROOT; };
		B32AAE211C02847F00B9CE81 /* libsqlite3.tbd */ = {isa = PBXFileReference; lastKnownFileType = "sourcecode.text-based-dylib-definition"; name = libsqlite3.tbd; path = usr/lib/libsqlite3.tbd; sourceTree = SDKROOT; };
		B32AAE221C02847F00B9CE81 /* libz.tbd */ = {isa = PBXFileReference; lastKnownFileType = "sourcecode.text-based-dylib-definition"; name = libz.tbd; path = usr/lib/libz.tbd; sourceTree = SDKROOT; };
		B32AAE231C02847F00B9CE81 /* MobileCoreServices.framework */ = {isa = PBXFileReference; lastKnownFileType = wrapper.framework; name = MobileCoreServices.framework; path = System/Library/Frameworks/MobileCoreServices.framework; sourceTree = SDKROOT; };
		B32AAE241C02847F00B9CE81 /* QuartzCore.framework */ = {isa = PBXFileReference; lastKnownFileType = wrapper.framework; name = QuartzCore.framework; path = System/Library/Frameworks/QuartzCore.framework; sourceTree = SDKROOT; };
		B32AAE251C02847F00B9CE81 /* Security.framework */ = {isa = PBXFileReference; lastKnownFileType = wrapper.framework; name = Security.framework; path = System/Library/Frameworks/Security.framework; sourceTree = SDKROOT; };
		B32AAE261C02847F00B9CE81 /* StoreKit.framework */ = {isa = PBXFileReference; lastKnownFileType = wrapper.framework; name = StoreKit.framework; path = System/Library/Frameworks/StoreKit.framework; sourceTree = SDKROOT; };
		B32AAE271C02847F00B9CE81 /* SystemConfiguration.framework */ = {isa = PBXFileReference; lastKnownFileType = wrapper.framework; name = SystemConfiguration.framework; path = System/Library/Frameworks/SystemConfiguration.framework; sourceTree = SDKROOT; };
		B32AAE351C0284CA00B9CE81 /* prinscape3.1-Bridging-Header.h */ = {isa = PBXFileReference; lastKnownFileType = sourcecode.c.h; path = "prinscape3.1-Bridging-Header.h"; sourceTree = "<group>"; };
		B32AAE401C02882800B9CE81 /* FoodTableViewController.swift */ = {isa = PBXFileReference; fileEncoding = 4; lastKnownFileType = sourcecode.swift; path = FoodTableViewController.swift; sourceTree = "<group>"; };
		B32AAE4E1C03059F00B9CE81 /* ShoppingTableViewController.swift */ = {isa = PBXFileReference; fileEncoding = 4; lastKnownFileType = sourcecode.swift; path = ShoppingTableViewController.swift; sourceTree = "<group>"; };
		B32AAE501C03065200B9CE81 /* ActivitiesTableViewController.swift */ = {isa = PBXFileReference; fileEncoding = 4; lastKnownFileType = sourcecode.swift; path = ActivitiesTableViewController.swift; sourceTree = "<group>"; };
		B32AAE541C030D2000B9CE81 /* DetailViewController.swift */ = {isa = PBXFileReference; fileEncoding = 4; lastKnownFileType = sourcecode.swift; path = DetailViewController.swift; sourceTree = "<group>"; };
		B3A90D5D1C0CFEAC00693FC4 /* Bolts.framework */ = {isa = PBXFileReference; lastKnownFileType = wrapper.framework; path = Bolts.framework; sourceTree = "<group>"; };
		B3A90D5E1C0CFEAC00693FC4 /* Parse.framework */ = {isa = PBXFileReference; lastKnownFileType = wrapper.framework; path = Parse.framework; sourceTree = "<group>"; };
		B3A90D5F1C0CFEAC00693FC4 /* ParseFacebookUtils.framework */ = {isa = PBXFileReference; lastKnownFileType = wrapper.framework; path = ParseFacebookUtils.framework; sourceTree = "<group>"; };
		B3A90D601C0CFEAC00693FC4 /* ParseFacebookUtilsV4.framework */ = {isa = PBXFileReference; lastKnownFileType = wrapper.framework; path = ParseFacebookUtilsV4.framework; sourceTree = "<group>"; };
		B3A90D611C0CFEAC00693FC4 /* ParseTwitterUtils.framework */ = {isa = PBXFileReference; lastKnownFileType = wrapper.framework; path = ParseTwitterUtils.framework; sourceTree = "<group>"; };
		B3A90D621C0CFEAC00693FC4 /* ParseUI.framework */ = {isa = PBXFileReference; lastKnownFileType = wrapper.framework; path = ParseUI.framework; sourceTree = "<group>"; };
/* End PBXFileReference section */

/* Begin PBXFrameworksBuildPhase section */
		B32AADE91C02842200B9CE81 /* Frameworks */ = {
			isa = PBXFrameworksBuildPhase;
			buildActionMask = 2147483647;
			files = (
				B3A90D651C0CFEAC00693FC4 /* ParseFacebookUtils.framework in Frameworks */,
				B32AAE281C02847F00B9CE81 /* AudioToolbox.framework in Frameworks */,
				B32AAE291C02847F00B9CE81 /* CFNetwork.framework in Frameworks */,
				B32AAE2A1C02847F00B9CE81 /* CoreGraphics.framework in Frameworks */,
				B3A90D631C0CFEAC00693FC4 /* Bolts.framework in Frameworks */,
				B32AAE2B1C02847F00B9CE81 /* CoreLocation.framework in Frameworks */,
				B3A90D671C0CFEAC00693FC4 /* ParseTwitterUtils.framework in Frameworks */,
				B32AAE2C1C02847F00B9CE81 /* libsqlite3.tbd in Frameworks */,
				B3A90D641C0CFEAC00693FC4 /* Parse.framework in Frameworks */,
				B3A90D681C0CFEAC00693FC4 /* ParseUI.framework in Frameworks */,
				B32AAE2D1C02847F00B9CE81 /* libz.tbd in Frameworks */,
				B32AAE2E1C02847F00B9CE81 /* MobileCoreServices.framework in Frameworks */,
				B32AAE2F1C02847F00B9CE81 /* QuartzCore.framework in Frameworks */,
				B32AAE301C02847F00B9CE81 /* Security.framework in Frameworks */,
				B32AAE311C02847F00B9CE81 /* StoreKit.framework in Frameworks */,
				B32AAE321C02847F00B9CE81 /* SystemConfiguration.framework in Frameworks */,
				B3A90D661C0CFEAC00693FC4 /* ParseFacebookUtilsV4.framework in Frameworks */,
			);
			runOnlyForDeploymentPostprocessing = 0;
		};
		B32AADFD1C02842300B9CE81 /* Frameworks */ = {
			isa = PBXFrameworksBuildPhase;
			buildActionMask = 2147483647;
			files = (
			);
			runOnlyForDeploymentPostprocessing = 0;
		};
		B32AAE081C02842300B9CE81 /* Frameworks */ = {
			isa = PBXFrameworksBuildPhase;
			buildActionMask = 2147483647;
			files = (
			);
			runOnlyForDeploymentPostprocessing = 0;
		};
/* End PBXFrameworksBuildPhase section */

/* Begin PBXGroup section */
		568379501C0CFC2B00036CBE /* parse-library-1.9.1 (1) */ = {
			isa = PBXGroup;
			children = (
				568379511C0CFC2B00036CBE /* Bolts.framework */,
				568379521C0CFC2B00036CBE /* Parse.framework */,
				568379531C0CFC2B00036CBE /* ParseCrashReporting.framework */,
				568379541C0CFC2B00036CBE /* ParseFacebookUtils.framework */,
				568379551C0CFC2B00036CBE /* ParseFacebookUtilsV4.framework */,
				568379561C0CFC2B00036CBE /* ParseTwitterUtils.framework */,
				568379571C0CFC2B00036CBE /* ParseUI.framework */,
			);
			path = "parse-library-1.9.1 (1)";
			sourceTree = "<group>";
		};
		B32AADE31C02842200B9CE81 = {
			isa = PBXGroup;
			children = (
				B3A90D5D1C0CFEAC00693FC4 /* Bolts.framework */,
				B3A90D5E1C0CFEAC00693FC4 /* Parse.framework */,
				B3A90D5F1C0CFEAC00693FC4 /* ParseFacebookUtils.framework */,
				B3A90D601C0CFEAC00693FC4 /* ParseFacebookUtilsV4.framework */,
				B3A90D611C0CFEAC00693FC4 /* ParseTwitterUtils.framework */,
				B3A90D621C0CFEAC00693FC4 /* ParseUI.framework */,
				B32AAE1D1C02847F00B9CE81 /* AudioToolbox.framework */,
				B32AAE1E1C02847F00B9CE81 /* CFNetwork.framework */,
				B32AAE1F1C02847F00B9CE81 /* CoreGraphics.framework */,
				B32AAE201C02847F00B9CE81 /* CoreLocation.framework */,
				B32AAE211C02847F00B9CE81 /* libsqlite3.tbd */,
				B32AAE221C02847F00B9CE81 /* libz.tbd */,
				B32AAE231C02847F00B9CE81 /* MobileCoreServices.framework */,
				B32AAE241C02847F00B9CE81 /* QuartzCore.framework */,
				B32AAE251C02847F00B9CE81 /* Security.framework */,
				B32AAE261C02847F00B9CE81 /* StoreKit.framework */,
				B32AAE271C02847F00B9CE81 /* SystemConfiguration.framework */,
				B32AADEE1C02842200B9CE81 /* prinscape3.1 */,
				B32AAE031C02842300B9CE81 /* prinscape3.1Tests */,
				B32AAE0E1C02842300B9CE81 /* prinscape3.1UITests */,
				B32AADED1C02842200B9CE81 /* Products */,
				B32AAE351C0284CA00B9CE81 /* prinscape3.1-Bridging-Header.h */,
			);
			sourceTree = "<group>";
		};
		B32AADED1C02842200B9CE81 /* Products */ = {
			isa = PBXGroup;
			children = (
				B32AADEC1C02842200B9CE81 /* prinscape3.1.app */,
				B32AAE001C02842300B9CE81 /* prinscape3.1Tests.xctest */,
				B32AAE0B1C02842300B9CE81 /* prinscape3.1UITests.xctest */,
			);
			name = Products;
			sourceTree = "<group>";
		};
		B32AADEE1C02842200B9CE81 /* prinscape3.1 */ = {
			isa = PBXGroup;
			children = (
				B32AADEF1C02842200B9CE81 /* AppDelegate.swift */,
				5683794E1C0CEE2400036CBE /* RatingControl.swift */,
				B32AADF31C02842200B9CE81 /* Main.storyboard */,
				B32AAE541C030D2000B9CE81 /* DetailViewController.swift */,
				B32AAE501C03065200B9CE81 /* ActivitiesTableViewController.swift */,
				B32AAE4E1C03059F00B9CE81 /* ShoppingTableViewController.swift */,
				B32AAE401C02882800B9CE81 /* FoodTableViewController.swift */,
				B32AADF61C02842200B9CE81 /* Assets.xcassets */,
				B32AADFB1C02842200B9CE81 /* Info.plist */,
			);
			path = prinscape3.1;
			sourceTree = "<group>";
		};
		B32AAE031C02842300B9CE81 /* prinscape3.1Tests */ = {
			isa = PBXGroup;
			children = (
				B32AAE041C02842300B9CE81 /* prinscape3_1Tests.swift */,
				B32AAE061C02842300B9CE81 /* Info.plist */,
			);
			path = prinscape3.1Tests;
			sourceTree = "<group>";
		};
		B32AAE0E1C02842300B9CE81 /* prinscape3.1UITests */ = {
			isa = PBXGroup;
			children = (
				B32AAE0F1C02842300B9CE81 /* prinscape3_1UITests.swift */,
				B32AAE111C02842300B9CE81 /* Info.plist */,
			);
			path = prinscape3.1UITests;
			sourceTree = "<group>";
		};
/* End PBXGroup section */

/* Begin PBXNativeTarget section */
		B32AADEB1C02842200B9CE81 /* prinscape3.1 */ = {
			isa = PBXNativeTarget;
			buildConfigurationList = B32AAE141C02842300B9CE81 /* Build configuration list for PBXNativeTarget "prinscape3.1" */;
			buildPhases = (
				B32AADE81C02842200B9CE81 /* Sources */,
				B32AADE91C02842200B9CE81 /* Frameworks */,
				B32AADEA1C02842200B9CE81 /* Resources */,
			);
			buildRules = (
			);
			dependencies = (
			);
			name = prinscape3.1;
			productName = prinscape3.1;
			productReference = B32AADEC1C02842200B9CE81 /* prinscape3.1.app */;
			productType = "com.apple.product-type.application";
		};
		B32AADFF1C02842300B9CE81 /* prinscape3.1Tests */ = {
			isa = PBXNativeTarget;
			buildConfigurationList = B32AAE171C02842300B9CE81 /* Build configuration list for PBXNativeTarget "prinscape3.1Tests" */;
			buildPhases = (
				B32AADFC1C02842300B9CE81 /* Sources */,
				B32AADFD1C02842300B9CE81 /* Frameworks */,
				B32AADFE1C02842300B9CE81 /* Resources */,
			);
			buildRules = (
			);
			dependencies = (
				B32AAE021C02842300B9CE81 /* PBXTargetDependency */,
			);
			name = prinscape3.1Tests;
			productName = prinscape3.1Tests;
			productReference = B32AAE001C02842300B9CE81 /* prinscape3.1Tests.xctest */;
			productType = "com.apple.product-type.bundle.unit-test";
		};
		B32AAE0A1C02842300B9CE81 /* prinscape3.1UITests */ = {
			isa = PBXNativeTarget;
			buildConfigurationList = B32AAE1A1C02842300B9CE81 /* Build configuration list for PBXNativeTarget "prinscape3.1UITests" */;
			buildPhases = (
				B32AAE071C02842300B9CE81 /* Sources */,
				B32AAE081C02842300B9CE81 /* Frameworks */,
				B32AAE091C02842300B9CE81 /* Resources */,
			);
			buildRules = (
			);
			dependencies = (
				B32AAE0D1C02842300B9CE81 /* PBXTargetDependency */,
			);
			name = prinscape3.1UITests;
			productName = prinscape3.1UITests;
			productReference = B32AAE0B1C02842300B9CE81 /* prinscape3.1UITests.xctest */;
			productType = "com.apple.product-type.bundle.ui-testing";
		};
/* End PBXNativeTarget section */

/* Begin PBXProject section */
		B32AADE41C02842200B9CE81 /* Project object */ = {
			isa = PBXProject;
			attributes = {
				LastSwiftUpdateCheck = 0710;
				LastUpgradeCheck = 0710;
				ORGANIZATIONNAME = "Nicole Gerber";
				TargetAttributes = {
					B32AADEB1C02842200B9CE81 = {
						CreatedOnToolsVersion = 7.1.1;
						DevelopmentTeam = NL7SNVF86P;
					};
					B32AADFF1C02842300B9CE81 = {
						CreatedOnToolsVersion = 7.1.1;
						TestTargetID = B32AADEB1C02842200B9CE81;
					};
					B32AAE0A1C02842300B9CE81 = {
						CreatedOnToolsVersion = 7.1.1;
						TestTargetID = B32AADEB1C02842200B9CE81;
					};
				};
			};
			buildConfigurationList = B32AADE71C02842200B9CE81 /* Build configuration list for PBXProject "prinscape3.1" */;
			compatibilityVersion = "Xcode 3.2";
			developmentRegion = English;
			hasScannedForEncodings = 0;
			knownRegions = (
				en,
				Base,
			);
			mainGroup = B32AADE31C02842200B9CE81;
			productRefGroup = B32AADED1C02842200B9CE81 /* Products */;
			projectDirPath = "";
			projectRoot = "";
			targets = (
				B32AADEB1C02842200B9CE81 /* prinscape3.1 */,
				B32AADFF1C02842300B9CE81 /* prinscape3.1Tests */,
				B32AAE0A1C02842300B9CE81 /* prinscape3.1UITests */,
			);
		};
/* End PBXProject section */

/* Begin PBXResourcesBuildPhase section */
		B32AADEA1C02842200B9CE81 /* Resources */ = {
			isa = PBXResourcesBuildPhase;
			buildActionMask = 2147483647;
			files = (
				B32AADF71C02842200B9CE81 /* Assets.xcassets in Resources */,
				B32AADF51C02842200B9CE81 /* Main.storyboard in Resources */,
			);
			runOnlyForDeploymentPostprocessing = 0;
		};
		B32AADFE1C02842300B9CE81 /* Resources */ = {
			isa = PBXResourcesBuildPhase;
			buildActionMask = 2147483647;
			files = (
			);
			runOnlyForDeploymentPostprocessing = 0;
		};
		B32AAE091C02842300B9CE81 /* Resources */ = {
			isa = PBXResourcesBuildPhase;
			buildActionMask = 2147483647;
			files = (
			);
			runOnlyForDeploymentPostprocessing = 0;
		};
/* End PBXResourcesBuildPhase section */

/* Begin PBXSourcesBuildPhase section */
		B32AADE81C02842200B9CE81 /* Sources */ = {
			isa = PBXSourcesBuildPhase;
			buildActionMask = 2147483647;
			files = (
				B32AAE511C03065200B9CE81 /* ActivitiesTableViewController.swift in Sources */,
				B32AAE4F1C03059F00B9CE81 /* ShoppingTableViewController.swift in Sources */,
				B32AAE551C030D2000B9CE81 /* DetailViewController.swift in Sources */,
				B32AAE411C02882800B9CE81 /* FoodTableViewController.swift in Sources */,
				5683794F1C0CEE2400036CBE /* RatingControl.swift in Sources */,
				B32AADF01C02842200B9CE81 /* AppDelegate.swift in Sources */,
			);
			runOnlyForDeploymentPostprocessing = 0;
		};
		B32AADFC1C02842300B9CE81 /* Sources */ = {
			isa = PBXSourcesBuildPhase;
			buildActionMask = 2147483647;
			files = (
				B32AAE051C02842300B9CE81 /* prinscape3_1Tests.swift in Sources */,
			);
			runOnlyForDeploymentPostprocessing = 0;
		};
		B32AAE071C02842300B9CE81 /* Sources */ = {
			isa = PBXSourcesBuildPhase;
			buildActionMask = 2147483647;
			files = (
				B32AAE101C02842300B9CE81 /* prinscape3_1UITests.swift in Sources */,
			);
			runOnlyForDeploymentPostprocessing = 0;
		};
/* End PBXSourcesBuildPhase section */

/* Begin PBXTargetDependency section */
		B32AAE021C02842300B9CE81 /* PBXTargetDependency */ = {
			isa = PBXTargetDependency;
			target = B32AADEB1C02842200B9CE81 /* prinscape3.1 */;
			targetProxy = B32AAE011C02842300B9CE81 /* PBXContainerItemProxy */;
		};
		B32AAE0D1C02842300B9CE81 /* PBXTargetDependency */ = {
			isa = PBXTargetDependency;
			target = B32AADEB1C02842200B9CE81 /* prinscape3.1 */;
			targetProxy = B32AAE0C1C02842300B9CE81 /* PBXContainerItemProxy */;
		};
/* End PBXTargetDependency section */

/* Begin PBXVariantGroup section */
		B32AADF31C02842200B9CE81 /* Main.storyboard */ = {
			isa = PBXVariantGroup;
			children = (
				B32AADF41C02842200B9CE81 /* Base */,
			);
			name = Main.storyboard;
			sourceTree = "<group>";
		};
/* End PBXVariantGroup section */

/* Begin XCBuildConfiguration section */
		B32AAE121C02842300B9CE81 /* Debug */ = {
			isa = XCBuildConfiguration;
			buildSettings = {
				ALWAYS_SEARCH_USER_PATHS = NO;
				CLANG_CXX_LANGUAGE_STANDARD = "gnu++0x";
				CLANG_CXX_LIBRARY = "libc++";
				CLANG_ENABLE_MODULES = YES;
				CLANG_ENABLE_OBJC_ARC = YES;
				CLANG_WARN_BOOL_CONVERSION = YES;
				CLANG_WARN_CONSTANT_CONVERSION = YES;
				CLANG_WARN_DIRECT_OBJC_ISA_USAGE = YES_ERROR;
				CLANG_WARN_EMPTY_BODY = YES;
				CLANG_WARN_ENUM_CONVERSION = YES;
				CLANG_WARN_INT_CONVERSION = YES;
				CLANG_WARN_OBJC_ROOT_CLASS = YES_ERROR;
				CLANG_WARN_UNREACHABLE_CODE = YES;
				CLANG_WARN__DUPLICATE_METHOD_MATCH = YES;
				"CODE_SIGN_IDENTITY[sdk=iphoneos*]" = "iPhone Developer";
				COPY_PHASE_STRIP = NO;
				DEBUG_INFORMATION_FORMAT = dwarf;
				ENABLE_STRICT_OBJC_MSGSEND = YES;
				ENABLE_TESTABILITY = YES;
				GCC_C_LANGUAGE_STANDARD = gnu99;
				GCC_DYNAMIC_NO_PIC = NO;
				GCC_NO_COMMON_BLOCKS = YES;
				GCC_OPTIMIZATION_LEVEL = 0;
				GCC_PREPROCESSOR_DEFINITIONS = (
					"DEBUG=1",
					"$(inherited)",
				);
				GCC_WARN_64_TO_32_BIT_CONVERSION = YES;
				GCC_WARN_ABOUT_RETURN_TYPE = YES_ERROR;
				GCC_WARN_UNDECLARED_SELECTOR = YES;
				GCC_WARN_UNINITIALIZED_AUTOS = YES_AGGRESSIVE;
				GCC_WARN_UNUSED_FUNCTION = YES;
				GCC_WARN_UNUSED_VARIABLE = YES;
				IPHONEOS_DEPLOYMENT_TARGET = 9.1;
				MTL_ENABLE_DEBUG_INFO = YES;
				ONLY_ACTIVE_ARCH = YES;
				SDKROOT = iphoneos;
				SWIFT_OPTIMIZATION_LEVEL = "-Onone";
				TARGETED_DEVICE_FAMILY = "1,2";
			};
			name = Debug;
		};
		B32AAE131C02842300B9CE81 /* Release */ = {
			isa = XCBuildConfiguration;
			buildSettings = {
				ALWAYS_SEARCH_USER_PATHS = NO;
				CLANG_CXX_LANGUAGE_STANDARD = "gnu++0x";
				CLANG_CXX_LIBRARY = "libc++";
				CLANG_ENABLE_MODULES = YES;
				CLANG_ENABLE_OBJC_ARC = YES;
				CLANG_WARN_BOOL_CONVERSION = YES;
				CLANG_WARN_CONSTANT_CONVERSION = YES;
				CLANG_WARN_DIRECT_OBJC_ISA_USAGE = YES_ERROR;
				CLANG_WARN_EMPTY_BODY = YES;
				CLANG_WARN_ENUM_CONVERSION = YES;
				CLANG_WARN_INT_CONVERSION = YES;
				CLANG_WARN_OBJC_ROOT_CLASS = YES_ERROR;
				CLANG_WARN_UNREACHABLE_CODE = YES;
				CLANG_WARN__DUPLICATE_METHOD_MATCH = YES;
				"CODE_SIGN_IDENTITY[sdk=iphoneos*]" = "iPhone Developer";
				COPY_PHASE_STRIP = NO;
				DEBUG_INFORMATION_FORMAT = "dwarf-with-dsym";
				ENABLE_NS_ASSERTIONS = NO;
				ENABLE_STRICT_OBJC_MSGSEND = YES;
				GCC_C_LANGUAGE_STANDARD = gnu99;
				GCC_NO_COMMON_BLOCKS = YES;
				GCC_WARN_64_TO_32_BIT_CONVERSION = YES;
				GCC_WARN_ABOUT_RETURN_TYPE = YES_ERROR;
				GCC_WARN_UNDECLARED_SELECTOR = YES;
				GCC_WARN_UNINITIALIZED_AUTOS = YES_AGGRESSIVE;
				GCC_WARN_UNUSED_FUNCTION = YES;
				GCC_WARN_UNUSED_VARIABLE = YES;
				IPHONEOS_DEPLOYMENT_TARGET = 9.1;
				MTL_ENABLE_DEBUG_INFO = NO;
				SDKROOT = iphoneos;
				TARGETED_DEVICE_FAMILY = "1,2";
				VALIDATE_PRODUCT = YES;
			};
			name = Release;
		};
		B32AAE151C02842300B9CE81 /* Debug */ = {
			isa = XCBuildConfiguration;
			buildSettings = {
				ASSETCATALOG_COMPILER_APPICON_NAME = AppIcon;
				CLANG_ENABLE_MODULES = YES;
				CODE_SIGN_IDENTITY = "iPhone Developer";
				"CODE_SIGN_IDENTITY[sdk=iphoneos*]" = "iPhone Developer";
				FRAMEWORK_SEARCH_PATHS = (
					"$(inherited)",
					"$(PROJECT_DIR)",
					"$(PROJECT_DIR)/parse-library-1.9.1",
					"$(PROJECT_DIR)/parse-library-1.9.1",
					"(1)",
				);
				INFOPLIST_FILE = prinscape3.1/Info.plist;
				LD_RUNPATH_SEARCH_PATHS = "$(inherited) @executable_path/Frameworks";
				PRODUCT_BUNDLE_IDENTIFIER = "Principia-College.prinscape3-1";
				PRODUCT_NAME = "$(TARGET_NAME)";
				PROVISIONING_PROFILE = "";
				SWIFT_OBJC_BRIDGING_HEADER = "prinscape3.1-Bridging-Header.h";
				SWIFT_OPTIMIZATION_LEVEL = "-Onone";
			};
			name = Debug;
		};
		B32AAE161C02842300B9CE81 /* Release */ = {
			isa = XCBuildConfiguration;
			buildSettings = {
				ASSETCATALOG_COMPILER_APPICON_NAME = AppIcon;
				CLANG_ENABLE_MODULES = YES;
				CODE_SIGN_IDENTITY = "iPhone Developer";
				"CODE_SIGN_IDENTITY[sdk=iphoneos*]" = "iPhone Developer";
				FRAMEWORK_SEARCH_PATHS = (
					"$(inherited)",
					"$(PROJECT_DIR)",
					"$(PROJECT_DIR)/parse-library-1.9.1",
					"$(PROJECT_DIR)/parse-library-1.9.1",
					"(1)",
				);
				INFOPLIST_FILE = prinscape3.1/Info.plist;
				LD_RUNPATH_SEARCH_PATHS = "$(inherited) @executable_path/Frameworks";
				PRODUCT_BUNDLE_IDENTIFIER = "Principia-College.prinscape3-1";
				PRODUCT_NAME = "$(TARGET_NAME)";
				PROVISIONING_PROFILE = "";
				SWIFT_OBJC_BRIDGING_HEADER = "prinscape3.1-Bridging-Header.h";
			};
			name = Release;
		};
		B32AAE181C02842300B9CE81 /* Debug */ = {
			isa = XCBuildConfiguration;
			buildSettings = {
				BUNDLE_LOADER = "$(TEST_HOST)";
				INFOPLIST_FILE = prinscape3.1Tests/Info.plist;
				LD_RUNPATH_SEARCH_PATHS = "$(inherited) @executable_path/Frameworks @loader_path/Frameworks";
				PRODUCT_BUNDLE_IDENTIFIER = "Principia-College.prinscape3-1Tests";
				PRODUCT_NAME = "$(TARGET_NAME)";
				TEST_HOST = "$(BUILT_PRODUCTS_DIR)/prinscape3.1.app/prinscape3.1";
			};
			name = Debug;
		};
		B32AAE191C02842300B9CE81 /* Release */ = {
			isa = XCBuildConfiguration;
			buildSettings = {
				BUNDLE_LOADER = "$(TEST_HOST)";
				INFOPLIST_FILE = prinscape3.1Tests/Info.plist;
				LD_RUNPATH_SEARCH_PATHS = "$(inherited) @executable_path/Frameworks @loader_path/Frameworks";
				PRODUCT_BUNDLE_IDENTIFIER = "Principia-College.prinscape3-1Tests";
				PRODUCT_NAME = "$(TARGET_NAME)";
				TEST_HOST = "$(BUILT_PRODUCTS_DIR)/prinscape3.1.app/prinscape3.1";
			};
			name = Release;
		};
		B32AAE1B1C02842300B9CE81 /* Debug */ = {
			isa = XCBuildConfiguration;
			buildSettings = {
				INFOPLIST_FILE = prinscape3.1UITests/Info.plist;
				LD_RUNPATH_SEARCH_PATHS = "$(inherited) @executable_path/Frameworks @loader_path/Frameworks";
				PRODUCT_BUNDLE_IDENTIFIER = "Principia-College.prinscape3-1UITests";
				PRODUCT_NAME = "$(TARGET_NAME)";
				TEST_TARGET_NAME = prinscape3.1;
				USES_XCTRUNNER = YES;
			};
			name = Debug;
		};
		B32AAE1C1C02842300B9CE81 /* Release */ = {
			isa = XCBuildConfiguration;
			buildSettings = {
				INFOPLIST_FILE = prinscape3.1UITests/Info.plist;
				LD_RUNPATH_SEARCH_PATHS = "$(inherited) @executable_path/Frameworks @loader_path/Frameworks";
				PRODUCT_BUNDLE_IDENTIFIER = "Principia-College.prinscape3-1UITests";
				PRODUCT_NAME = "$(TARGET_NAME)";
				TEST_TARGET_NAME = prinscape3.1;
				USES_XCTRUNNER = YES;
			};
			name = Release;
		};
/* End XCBuildConfiguration section */

/* Begin XCConfigurationList section */
		B32AADE71C02842200B9CE81 /* Build configuration list for PBXProject "prinscape3.1" */ = {
			isa = XCConfigurationList;
			buildConfigurations = (
				B32AAE121C02842300B9CE81 /* Debug */,
				B32AAE131C02842300B9CE81 /* Release */,
			);
			defaultConfigurationIsVisible = 0;
			defaultConfigurationName = Release;
		};
		B32AAE141C02842300B9CE81 /* Build configuration list for PBXNativeTarget "prinscape3.1" */ = {
			isa = XCConfigurationList;
			buildConfigurations = (
				B32AAE151C02842300B9CE81 /* Debug */,
				B32AAE161C02842300B9CE81 /* Release */,
			);
			defaultConfigurationIsVisible = 0;
			defaultConfigurationName = Release;
		};
		B32AAE171C02842300B9CE81 /* Build configuration list for PBXNativeTarget "prinscape3.1Tests" */ = {
			isa = XCConfigurationList;
			buildConfigurations = (
				B32AAE181C02842300B9CE81 /* Debug */,
				B32AAE191C02842300B9CE81 /* Release */,
			);
			defaultConfigurationIsVisible = 0;
			defaultConfigurationName = Release;
		};
		B32AAE1A1C02842300B9CE81 /* Build configuration list for PBXNativeTarget "prinscape3.1UITests" */ = {
			isa = XCConfigurationList;
			buildConfigurations = (
				B32AAE1B1C02842300B9CE81 /* Debug */,
				B32AAE1C1C02842300B9CE81 /* Release */,
			);
			defaultConfigurationIsVisible = 0;
			defaultConfigurationName = Release;
		};
/* End XCConfigurationList section */
	};
	rootObject = B32AADE41C02842200B9CE81 /* Project object */;
}
